// !$*UTF8*$!
{
	archiveVersion = 1;
	classes = {
	};
	objectVersion = 50;
	objects = {

/* Begin PBXBuildFile section */
		5804196B20BC01F900F2D88B /* AppDelegate.swift in Sources */ = {isa = PBXBuildFile; fileRef = 5804196A20BC01F900F2D88B /* AppDelegate.swift */; };
		5804196D20BC01F900F2D88B /* ViewController.swift in Sources */ = {isa = PBXBuildFile; fileRef = 5804196C20BC01F900F2D88B /* ViewController.swift */; };
		5804197020BC01F900F2D88B /* Main.storyboard in Resources */ = {isa = PBXBuildFile; fileRef = 5804196E20BC01F900F2D88B /* Main.storyboard */; };
		5804197220BC01FC00F2D88B /* Assets.xcassets in Resources */ = {isa = PBXBuildFile; fileRef = 5804197120BC01FC00F2D88B /* Assets.xcassets */; };
		5804197520BC01FC00F2D88B /* LaunchScreen.storyboard in Resources */ = {isa = PBXBuildFile; fileRef = 5804197320BC01FC00F2D88B /* LaunchScreen.storyboard */; };
		5804198020BC01FC00F2D88B /* rn_courseTests.swift in Sources */ = {isa = PBXBuildFile; fileRef = 5804197F20BC01FC00F2D88B /* rn_courseTests.swift */; };
		5804198B20BC01FC00F2D88B /* rn_courseUITests.swift in Sources */ = {isa = PBXBuildFile; fileRef = 5804198A20BC01FC00F2D88B /* rn_courseUITests.swift */; };
/* End PBXBuildFile section */

/* Begin PBXContainerItemProxy section */
		5804197C20BC01FC00F2D88B /* PBXContainerItemProxy */ = {
			isa = PBXContainerItemProxy;
			containerPortal = 5804195F20BC01F900F2D88B /* Project object */;
			proxyType = 1;
			remoteGlobalIDString = 5804196620BC01F900F2D88B;
			remoteInfo = "rn-course";
		};
		5804198720BC01FC00F2D88B /* PBXContainerItemProxy */ = {
			isa = PBXContainerItemProxy;
			containerPortal = 5804195F20BC01F900F2D88B /* Project object */;
			proxyType = 1;
			remoteGlobalIDString = 5804196620BC01F900F2D88B;
			remoteInfo = "rn-course";
		};
/* End PBXContainerItemProxy section */

/* Begin PBXFileReference section */
		5804196720BC01F900F2D88B /* rn-course.app */ = {isa = PBXFileReference; explicitFileType = wrapper.application; includeInIndex = 0; path = "rn-course.app"; sourceTree = BUILT_PRODUCTS_DIR; };
		5804196A20BC01F900F2D88B /* AppDelegate.swift */ = {isa = PBXFileReference; lastKnownFileType = sourcecode.swift; path = AppDelegate.swift; sourceTree = "<group>"; };
		5804196C20BC01F900F2D88B /* ViewController.swift */ = {isa = PBXFileReference; lastKnownFileType = sourcecode.swift; path = ViewController.swift; sourceTree = "<group>"; };
		5804196F20BC01F900F2D88B /* Base */ = {isa = PBXFileReference; lastKnownFileType = file.storyboard; name = Base; path = Base.lproj/Main.storyboard; sourceTree = "<group>"; };
		5804197120BC01FC00F2D88B /* Assets.xcassets */ = {isa = PBXFileReference; lastKnownFileType = folder.assetcatalog; path = Assets.xcassets; sourceTree = "<group>"; };
		5804197420BC01FC00F2D88B /* Base */ = {isa = PBXFileReference; lastKnownFileType = file.storyboard; name = Base; path = Base.lproj/LaunchScreen.storyboard; sourceTree = "<group>"; };
		5804197620BC01FC00F2D88B /* Info.plist */ = {isa = PBXFileReference; lastKnownFileType = text.plist.xml; path = Info.plist; sourceTree = "<group>"; };
		5804197B20BC01FC00F2D88B /* rn-courseTests.xctest */ = {isa = PBXFileReference; explicitFileType = wrapper.cfbundle; includeInIndex = 0; path = "rn-courseTests.xctest"; sourceTree = BUILT_PRODUCTS_DIR; };
		5804197F20BC01FC00F2D88B /* rn_courseTests.swift */ = {isa = PBXFileReference; lastKnownFileType = sourcecode.swift; path = rn_courseTests.swift; sourceTree = "<group>"; };
		5804198120BC01FC00F2D88B /* Info.plist */ = {isa = PBXFileReference; lastKnownFileType = text.plist.xml; path = Info.plist; sourceTree = "<group>"; };
		5804198620BC01FC00F2D88B /* rn-courseUITests.xctest */ = {isa = PBXFileReference; explicitFileType = wrapper.cfbundle; includeInIndex = 0; path = "rn-courseUITests.xctest"; sourceTree = BUILT_PRODUCTS_DIR; };
		5804198A20BC01FC00F2D88B /* rn_courseUITests.swift */ = {isa = PBXFileReference; lastKnownFileType = sourcecode.swift; path = rn_courseUITests.swift; sourceTree = "<group>"; };
		5804198C20BC01FC00F2D88B /* Info.plist */ = {isa = PBXFileReference; lastKnownFileType = text.plist.xml; path = Info.plist; sourceTree = "<group>"; };
/* End PBXFileReference section */

/* Begin PBXFrameworksBuildPhase section */
		5804196420BC01F900F2D88B /* Frameworks */ = {
			isa = PBXFrameworksBuildPhase;
			buildActionMask = 2147483647;
			files = (
			);
			runOnlyForDeploymentPostprocessing = 0;
		};
		5804197820BC01FC00F2D88B /* Frameworks */ = {
			isa = PBXFrameworksBuildPhase;
			buildActionMask = 2147483647;
			files = (
			);
			runOnlyForDeploymentPostprocessing = 0;
		};
		5804198320BC01FC00F2D88B /* Frameworks */ = {
			isa = PBXFrameworksBuildPhase;
			buildActionMask = 2147483647;
			files = (
			);
			runOnlyForDeploymentPostprocessing = 0;
		};
/* End PBXFrameworksBuildPhase section */

/* Begin PBXGroup section */
		5804195E20BC01F900F2D88B = {
			isa = PBXGroup;
			children = (
				5804196920BC01F900F2D88B /* rn-course */,
				5804197E20BC01FC00F2D88B /* rn-courseTests */,
				5804198920BC01FC00F2D88B /* rn-courseUITests */,
				5804196820BC01F900F2D88B /* Products */,
			);
			sourceTree = "<group>";
		};
		5804196820BC01F900F2D88B /* Products */ = {
			isa = PBXGroup;
			children = (
				5804196720BC01F900F2D88B /* rn-course.app */,
				5804197B20BC01FC00F2D88B /* rn-courseTests.xctest */,
				5804198620BC01FC00F2D88B /* rn-courseUITests.xctest */,
			);
			name = Products;
			sourceTree = "<group>";
		};
		5804196920BC01F900F2D88B /* rn-course */ = {
			isa = PBXGroup;
			children = (
				5804196A20BC01F900F2D88B /* AppDelegate.swift */,
				5804196C20BC01F900F2D88B /* ViewController.swift */,
				5804196E20BC01F900F2D88B /* Main.storyboard */,
				5804197120BC01FC00F2D88B /* Assets.xcassets */,
				5804197320BC01FC00F2D88B /* LaunchScreen.storyboard */,
				5804197620BC01FC00F2D88B /* Info.plist */,
			);
			path = "rn-course";
			sourceTree = "<group>";
		};
		5804197E20BC01FC00F2D88B /* rn-courseTests */ = {
			isa = PBXGroup;
			children = (
				5804197F20BC01FC00F2D88B /* rn_courseTests.swift */,
				5804198120BC01FC00F2D88B /* Info.plist */,
			);
			path = "rn-courseTests";
			sourceTree = "<group>";
		};
		5804198920BC01FC00F2D88B /* rn-courseUITests */ = {
			isa = PBXGroup;
			children = (
				5804198A20BC01FC00F2D88B /* rn_courseUITests.swift */,
				5804198C20BC01FC00F2D88B /* Info.plist */,
			);
			path = "rn-courseUITests";
			sourceTree = "<group>";
		};
/* End PBXGroup section */

/* Begin PBXNativeTarget section */
		5804196620BC01F900F2D88B /* rn-course */ = {
			isa = PBXNativeTarget;
			buildConfigurationList = 5804198F20BC01FC00F2D88B /* Build configuration list for PBXNativeTarget "rn-course" */;
			buildPhases = (
				5804196320BC01F900F2D88B /* Sources */,
				5804196420BC01F900F2D88B /* Frameworks */,
				5804196520BC01F900F2D88B /* Resources */,
			);
			buildRules = (
			);
			dependencies = (
			);
			name = "rn-course";
			productName = "rn-course";
			productReference = 5804196720BC01F900F2D88B /* rn-course.app */;
			productType = "com.apple.product-type.application";
		};
		5804197A20BC01FC00F2D88B /* rn-courseTests */ = {
			isa = PBXNativeTarget;
			buildConfigurationList = 5804199220BC01FC00F2D88B /* Build configuration list for PBXNativeTarget "rn-courseTests" */;
			buildPhases = (
				5804197720BC01FC00F2D88B /* Sources */,
				5804197820BC01FC00F2D88B /* Frameworks */,
				5804197920BC01FC00F2D88B /* Resources */,
			);
			buildRules = (
			);
			dependencies = (
				5804197D20BC01FC00F2D88B /* PBXTargetDependency */,
			);
			name = "rn-courseTests";
			productName = "rn-courseTests";
			productReference = 5804197B20BC01FC00F2D88B /* rn-courseTests.xctest */;
			productType = "com.apple.product-type.bundle.unit-test";
		};
		5804198520BC01FC00F2D88B /* rn-courseUITests */ = {
			isa = PBXNativeTarget;
			buildConfigurationList = 5804199520BC01FC00F2D88B /* Build configuration list for PBXNativeTarget "rn-courseUITests" */;
			buildPhases = (
				5804198220BC01FC00F2D88B /* Sources */,
				5804198320BC01FC00F2D88B /* Frameworks */,
				5804198420BC01FC00F2D88B /* Resources */,
			);
			buildRules = (
			);
			dependencies = (
				5804198820BC01FC00F2D88B /* PBXTargetDependency */,
			);
			name = "rn-courseUITests";
			productName = "rn-courseUITests";
			productReference = 5804198620BC01FC00F2D88B /* rn-courseUITests.xctest */;
			productType = "com.apple.product-type.bundle.ui-testing";
		};
/* End PBXNativeTarget section */

/* Begin PBXProject section */
		5804195F20BC01F900F2D88B /* Project object */ = {
			isa = PBXProject;
			attributes = {
				LastSwiftUpdateCheck = 0930;
				LastUpgradeCheck = 0930;
				ORGANIZATIONNAME = "Rajeev Akotkar";
				TargetAttributes = {
					5804196620BC01F900F2D88B = {
						CreatedOnToolsVersion = 9.3.1;
					};
					5804197A20BC01FC00F2D88B = {
						CreatedOnToolsVersion = 9.3.1;
						TestTargetID = 5804196620BC01F900F2D88B;
					};
					5804198520BC01FC00F2D88B = {
						CreatedOnToolsVersion = 9.3.1;
						TestTargetID = 5804196620BC01F900F2D88B;
					};
				};
			};
			buildConfigurationList = 5804196220BC01F900F2D88B /* Build configuration list for PBXProject "rn-course" */;
			compatibilityVersion = "Xcode 9.3";
			developmentRegion = en;
			hasScannedForEncodings = 0;
			knownRegions = (
				en,
				Base,
			);
			mainGroup = 5804195E20BC01F900F2D88B;
			productRefGroup = 5804196820BC01F900F2D88B /* Products */;
			projectDirPath = "";
			projectRoot = "";
			targets = (
				5804196620BC01F900F2D88B /* rn-course */,
				5804197A20BC01FC00F2D88B /* rn-courseTests */,
				5804198520BC01FC00F2D88B /* rn-courseUITests */,
			);
		};
/* End PBXProject section */

/* Begin PBXResourcesBuildPhase section */
		5804196520BC01F900F2D88B /* Resources */ = {
			isa = PBXResourcesBuildPhase;
			buildActionMask = 2147483647;
			files = (
				5804197520BC01FC00F2D88B /* LaunchScreen.storyboard in Resources */,
				5804197220BC01FC00F2D88B /* Assets.xcassets in Resources */,
				5804197020BC01F900F2D88B /* Main.storyboard in Resources */,
			);
			runOnlyForDeploymentPostprocessing = 0;
		};
		5804197920BC01FC00F2D88B /* Resources */ = {
			isa = PBXResourcesBuildPhase;
			buildActionMask = 2147483647;
			files = (
			);
			runOnlyForDeploymentPostprocessing = 0;
		};
		5804198420BC01FC00F2D88B /* Resources */ = {
			isa = PBXResourcesBuildPhase;
			buildActionMask = 2147483647;
			files = (
			);
			runOnlyForDeploymentPostprocessing = 0;
		};
/* End PBXResourcesBuildPhase section */

/* Begin PBXSourcesBuildPhase section */
		5804196320BC01F900F2D88B /* Sources */ = {
			isa = PBXSourcesBuildPhase;
			buildActionMask = 2147483647;
			files = (
				5804196D20BC01F900F2D88B /* ViewController.swift in Sources */,
				5804196B20BC01F900F2D88B /* AppDelegate.swift in Sources */,
			);
			runOnlyForDeploymentPostprocessing = 0;
		};
		5804197720BC01FC00F2D88B /* Sources */ = {
			isa = PBXSourcesBuildPhase;
			buildActionMask = 2147483647;
			files = (
				5804198020BC01FC00F2D88B /* rn_courseTests.swift in Sources */,
			);
			runOnlyForDeploymentPostprocessing = 0;
		};
		5804198220BC01FC00F2D88B /* Sources */ = {
			isa = PBXSourcesBuildPhase;
			buildActionMask = 2147483647;
			files = (
				5804198B20BC01FC00F2D88B /* rn_courseUITests.swift in Sources */,
			);
			runOnlyForDeploymentPostprocessing = 0;
		};
/* End PBXSourcesBuildPhase section */

/* Begin PBXTargetDependency section */
		5804197D20BC01FC00F2D88B /* PBXTargetDependency */ = {
			isa = PBXTargetDependency;
			target = 5804196620BC01F900F2D88B /* rn-course */;
			targetProxy = 5804197C20BC01FC00F2D88B /* PBXContainerItemProxy */;
		};
		5804198820BC01FC00F2D88B /* PBXTargetDependency */ = {
			isa = PBXTargetDependency;
			target = 5804196620BC01F900F2D88B /* rn-course */;
			targetProxy = 5804198720BC01FC00F2D88B /* PBXContainerItemProxy */;
		};
/* End PBXTargetDependency section */

/* Begin PBXVariantGroup section */
		5804196E20BC01F900F2D88B /* Main.storyboard */ = {
			isa = PBXVariantGroup;
			children = (
				5804196F20BC01F900F2D88B /* Base */,
			);
			name = Main.storyboard;
			sourceTree = "<group>";
		};
		5804197320BC01FC00F2D88B /* LaunchScreen.storyboard */ = {
			isa = PBXVariantGroup;
			children = (
				5804197420BC01FC00F2D88B /* Base */,
			);
			name = LaunchScreen.storyboard;
			sourceTree = "<group>";
		};
/* End PBXVariantGroup section */

/* Begin XCBuildConfiguration section */
		5804198D20BC01FC00F2D88B /* Debug */ = {
			isa = XCBuildConfiguration;
			buildSettings = {
				ALWAYS_SEARCH_USER_PATHS = NO;
				CLANG_ANALYZER_NONNULL = YES;
				CLANG_ANALYZER_NUMBER_OBJECT_CONVERSION = YES_AGGRESSIVE;
				CLANG_CXX_LANGUAGE_STANDARD = "gnu++14";
				CLANG_CXX_LIBRARY = "libc++";
				CLANG_ENABLE_MODULES = YES;
				CLANG_ENABLE_OBJC_ARC = YES;
				CLANG_ENABLE_OBJC_WEAK = YES;
				CLANG_WARN_BLOCK_CAPTURE_AUTORELEASING = YES;
				CLANG_WARN_BOOL_CONVERSION = YES;
				CLANG_WARN_COMMA = YES;
				CLANG_WARN_CONSTANT_CONVERSION = YES;
				CLANG_WARN_DEPRECATED_OBJC_IMPLEMENTATIONS = YES;
				CLANG_WARN_DIRECT_OBJC_ISA_USAGE = YES_ERROR;
				CLANG_WARN_DOCUMENTATION_COMMENTS = YES;
				CLANG_WARN_EMPTY_BODY = YES;
				CLANG_WARN_ENUM_CONVERSION = YES;
				CLANG_WARN_INFINITE_RECURSION = YES;
				CLANG_WARN_INT_CONVERSION = YES;
				CLANG_WARN_NON_LITERAL_NULL_CONVERSION = YES;
				CLANG_WARN_OBJC_IMPLICIT_RETAIN_SELF = YES;
				CLANG_WARN_OBJC_LITERAL_CONVERSION = YES;
				CLANG_WARN_OBJC_ROOT_CLASS = YES_ERROR;
				CLANG_WARN_RANGE_LOOP_ANALYSIS = YES;
				CLANG_WARN_STRICT_PROTOTYPES = YES;
				CLANG_WARN_SUSPICIOUS_MOVE = YES;
				CLANG_WARN_UNGUARDED_AVAILABILITY = YES_AGGRESSIVE;
				CLANG_WARN_UNREACHABLE_CODE = YES;
				CLANG_WARN__DUPLICATE_METHOD_MATCH = YES;
				CODE_SIGN_IDENTITY = "iPhone Developer";
				COPY_PHASE_STRIP = NO;
				DEBUG_INFORMATION_FORMAT = dwarf;
				ENABLE_STRICT_OBJC_MSGSEND = YES;
				ENABLE_TESTABILITY = YES;
				GCC_C_LANGUAGE_STANDARD = gnu11;
				GCC_DYNAMIC_NO_PIC = NO;
				GCC_NO_COMMON_BLOCKS = YES;
				GCC_OPTIMIZATION_LEVEL = 0;
				GCC_PREPROCESSOR_DEFINITIONS = (
					"DEBUG=1",
					"$(inherited)",
				);
				GCC_WARN_64_TO_32_BIT_CONVERSION = YES;
				GCC_WARN_ABOUT_RETURN_TYPE = YES_ERROR;
				GCC_WARN_UNDECLARED_SELECTOR = YES;
				GCC_WARN_UNINITIALIZED_AUTOS = YES_AGGRESSIVE;
				GCC_WARN_UNUSED_FUNCTION = YES;
				GCC_WARN_UNUSED_VARIABLE = YES;
				IPHONEOS_DEPLOYMENT_TARGET = 11.3;
				MTL_ENABLE_DEBUG_INFO = YES;
				ONLY_ACTIVE_ARCH = YES;
				SDKROOT = iphoneos;
				SWIFT_ACTIVE_COMPILATION_CONDITIONS = DEBUG;
				SWIFT_OPTIMIZATION_LEVEL = "-Onone";
			};
			name = Debug;
		};
		5804198E20BC01FC00F2D88B /* Release */ = {
			isa = XCBuildConfiguration;
			buildSettings = {
				ALWAYS_SEARCH_USER_PATHS = NO;
				CLANG_ANALYZER_NONNULL = YES;
				CLANG_ANALYZER_NUMBER_OBJECT_CONVERSION = YES_AGGRESSIVE;
				CLANG_CXX_LANGUAGE_STANDARD = "gnu++14";
				CLANG_CXX_LIBRARY = "libc++";
				CLANG_ENABLE_MODULES = YES;
				CLANG_ENABLE_OBJC_ARC = YES;
				CLANG_ENABLE_OBJC_WEAK = YES;
				CLANG_WARN_BLOCK_CAPTURE_AUTORELEASING = YES;
				CLANG_WARN_BOOL_CONVERSION = YES;
				CLANG_WARN_COMMA = YES;
				CLANG_WARN_CONSTANT_CONVERSION = YES;
				CLANG_WARN_DEPRECATED_OBJC_IMPLEMENTATIONS = YES;
				CLANG_WARN_DIRECT_OBJC_ISA_USAGE = YES_ERROR;
				CLANG_WARN_DOCUMENTATION_COMMENTS = YES;
				CLANG_WARN_EMPTY_BODY = YES;
				CLANG_WARN_ENUM_CONVERSION = YES;
				CLANG_WARN_INFINITE_RECURSION = YES;
				CLANG_WARN_INT_CONVERSION = YES;
				CLANG_WARN_NON_LITERAL_NULL_CONVERSION = YES;
				CLANG_WARN_OBJC_IMPLICIT_RETAIN_SELF = YES;
				CLANG_WARN_OBJC_LITERAL_CONVERSION = YES;
				CLANG_WARN_OBJC_ROOT_CLASS = YES_ERROR;
				CLANG_WARN_RANGE_LOOP_ANALYSIS = YES;
				CLANG_WARN_STRICT_PROTOTYPES = YES;
				CLANG_WARN_SUSPICIOUS_MOVE = YES;
				CLANG_WARN_UNGUARDED_AVAILABILITY = YES_AGGRESSIVE;
				CLANG_WARN_UNREACHABLE_CODE = YES;
				CLANG_WARN__DUPLICATE_METHOD_MATCH = YES;
				CODE_SIGN_IDENTITY = "iPhone Developer";
				COPY_PHASE_STRIP = NO;
				DEBUG_INFORMATION_FORMAT = "dwarf-with-dsym";
				ENABLE_NS_ASSERTIONS = NO;
				ENABLE_STRICT_OBJC_MSGSEND = YES;
				GCC_C_LANGUAGE_STANDARD = gnu11;
				GCC_NO_COMMON_BLOCKS = YES;
				GCC_WARN_64_TO_32_BIT_CONVERSION = YES;
				GCC_WARN_ABOUT_RETURN_TYPE = YES_ERROR;
				GCC_WARN_UNDECLARED_SELECTOR = YES;
				GCC_WARN_UNINITIALIZED_AUTOS = YES_AGGRESSIVE;
				GCC_WARN_UNUSED_FUNCTION = YES;
				GCC_WARN_UNUSED_VARIABLE = YES;
				IPHONEOS_DEPLOYMENT_TARGET = 11.3;
				MTL_ENABLE_DEBUG_INFO = NO;
				SDKROOT = iphoneos;
				SWIFT_COMPILATION_MODE = wholemodule;
				SWIFT_OPTIMIZATION_LEVEL = "-O";
				VALIDATE_PRODUCT = YES;
			};
			name = Release;
		};
		5804199020BC01FC00F2D88B /* Debug */ = {
			isa = XCBuildConfiguration;
			buildSettings = {
				ASSETCATALOG_COMPILER_APPICON_NAME = AppIcon;
				CODE_SIGN_STYLE = Automatic;
				DEVELOPMENT_TEAM = GSR4J84U68;
				INFOPLIST_FILE = "rn-course/Info.plist";
				LD_RUNPATH_SEARCH_PATHS = (
					"$(inherited)",
					"@executable_path/Frameworks",
				);
				PRODUCT_BUNDLE_IDENTIFIER = "xcelerator.rn-course";
				PRODUCT_NAME = "$(TARGET_NAME)";
				SWIFT_VERSION = 4.0;
				TARGETED_DEVICE_FAMILY = "1,2";
			};
			name = Debug;
		};
		5804199120BC01FC00F2D88B /* Release */ = {
			isa = XCBuildConfiguration;
			buildSettings = {
				ASSETCATALOG_COMPILER_APPICON_NAME = AppIcon;
				CODE_SIGN_STYLE = Automatic;
				DEVELOPMENT_TEAM = GSR4J84U68;
				INFOPLIST_FILE = "rn-course/Info.plist";
				LD_RUNPATH_SEARCH_PATHS = (
					"$(inherited)",
					"@executable_path/Frameworks",
				);
				PRODUCT_BUNDLE_IDENTIFIER = "xcelerator.rn-course";
				PRODUCT_NAME = "$(TARGET_NAME)";
				SWIFT_VERSION = 4.0;
				TARGETED_DEVICE_FAMILY = "1,2";
			};
			name = Release;
		};
		5804199320BC01FC00F2D88B /* Debug */ = {
			isa = XCBuildConfiguration;
			buildSettings = {
				ALWAYS_EMBED_SWIFT_STANDARD_LIBRARIES = YES;
				BUNDLE_LOADER = "$(TEST_HOST)";
				CODE_SIGN_STYLE = Automatic;
				DEVELOPMENT_TEAM = GSR4J84U68;
				INFOPLIST_FILE = "rn-courseTests/Info.plist";
				LD_RUNPATH_SEARCH_PATHS = (
					"$(inherited)",
					"@executable_path/Frameworks",
					"@loader_path/Frameworks",
				);
				PRODUCT_BUNDLE_IDENTIFIER = "xcelerator.rn-courseTests";
				PRODUCT_NAME = "$(TARGET_NAME)";
				SWIFT_VERSION = 4.0;
				TARGETED_DEVICE_FAMILY = "1,2";
				TEST_HOST = "$(BUILT_PRODUCTS_DIR)/rn-course.app/rn-course";
			};
			name = Debug;
		};
		5804199420BC01FC00F2D88B /* Release */ = {
			isa = XCBuildConfiguration;
			buildSettings = {
				ALWAYS_EMBED_SWIFT_STANDARD_LIBRARIES = YES;
				BUNDLE_LOADER = "$(TEST_HOST)";
				CODE_SIGN_STYLE = Automatic;
				DEVELOPMENT_TEAM = GSR4J84U68;
				INFOPLIST_FILE = "rn-courseTests/Info.plist";
				LD_RUNPATH_SEARCH_PATHS = (
					"$(inherited)",
					"@executable_path/Frameworks",
					"@loader_path/Frameworks",
				);
				PRODUCT_BUNDLE_IDENTIFIER = "xcelerator.rn-courseTests";
				PRODUCT_NAME = "$(TARGET_NAME)";
				SWIFT_VERSION = 4.0;
				TARGETED_DEVICE_FAMILY = "1,2";
				TEST_HOST = "$(BUILT_PRODUCTS_DIR)/rn-course.app/rn-course";
			};
			name = Release;
		};
		5804199620BC01FC00F2D88B /* Debug */ = {
			isa = XCBuildConfiguration;
			buildSettings = {
				ALWAYS_EMBED_SWIFT_STANDARD_LIBRARIES = YES;
				CODE_SIGN_STYLE = Automatic;
				DEVELOPMENT_TEAM = GSR4J84U68;
				INFOPLIST_FILE = "rn-courseUITests/Info.plist";
				LD_RUNPATH_SEARCH_PATHS = (
					"$(inherited)",
					"@executable_path/Frameworks",
					"@loader_path/Frameworks",
				);
				PRODUCT_BUNDLE_IDENTIFIER = "xcelerator.rn-courseUITests";
				PRODUCT_NAME = "$(TARGET_NAME)";
				SWIFT_VERSION = 4.0;
				TARGETED_DEVICE_FAMILY = "1,2";
				TEST_TARGET_NAME = "rn-course";
			};
			name = Debug;
		};
		5804199720BC01FC00F2D88B /* Release */ = {
			isa = XCBuildConfiguration;
			buildSettings = {
				ALWAYS_EMBED_SWIFT_STANDARD_LIBRARIES = YES;
				CODE_SIGN_STYLE = Automatic;
				DEVELOPMENT_TEAM = GSR4J84U68;
				INFOPLIST_FILE = "rn-courseUITests/Info.plist";
				LD_RUNPATH_SEARCH_PATHS = (
					"$(inherited)",
					"@executable_path/Frameworks",
					"@loader_path/Frameworks",
				);
				PRODUCT_BUNDLE_IDENTIFIER = "xcelerator.rn-courseUITests";
				PRODUCT_NAME = "$(TARGET_NAME)";
				SWIFT_VERSION = 4.0;
				TARGETED_DEVICE_FAMILY = "1,2";
				TEST_TARGET_NAME = "rn-course";
			};
			name = Release;
		};
/* End XCBuildConfiguration section */

/* Begin XCConfigurationList section */
		5804196220BC01F900F2D88B /* Build configuration list for PBXProject "rn-course" */ = {
			isa = XCConfigurationList;
			buildConfigurations = (
				5804198D20BC01FC00F2D88B /* Debug */,
				5804198E20BC01FC00F2D88B /* Release */,
			);
			defaultConfigurationIsVisible = 0;
			defaultConfigurationName = Release;
		};
		5804198F20BC01FC00F2D88B /* Build configuration list for PBXNativeTarget "rn-course" */ = {
			isa = XCConfigurationList;
			buildConfigurations = (
				5804199020BC01FC00F2D88B /* Debug */,
				5804199120BC01FC00F2D88B /* Release */,
			);
			defaultConfigurationIsVisible = 0;
			defaultConfigurationName = Release;
		};
		5804199220BC01FC00F2D88B /* Build configuration list for PBXNativeTarget "rn-courseTests" */ = {
			isa = XCConfigurationList;
			buildConfigurations = (
				5804199320BC01FC00F2D88B /* Debug */,
				5804199420BC01FC00F2D88B /* Release */,
			);
			defaultConfigurationIsVisible = 0;
			defaultConfigurationName = Release;
		};
		5804199520BC01FC00F2D88B /* Build configuration list for PBXNativeTarget "rn-courseUITests" */ = {
			isa = XCConfigurationList;
			buildConfigurations = (
				5804199620BC01FC00F2D88B /* Debug */,
				5804199720BC01FC00F2D88B /* Release */,
			);
			defaultConfigurationIsVisible = 0;
			defaultConfigurationName = Release;
		};
/* End XCConfigurationList section */
	};
	rootObject = 5804195F20BC01F900F2D88B /* Project object */;
}
